
Microsoft Visual Studio Solution File, Format Version 12.00
# Visual Studio Version 17
VisualStudioVersion = 17.14.36414.22 d17.14
MinimumVisualStudioVersion = 10.0.40219.1
Project("{FAE04EC0-301F-11D3-BF4B-00C04F79EFBC}") = "tugas2-fungsi rata rata_, syifa maulana_xpplg2", "tugas2-fungsi rata rata_, syifa maulana_xpplg2\tugas2-fungsi rata rata_, syifa maulana_xpplg2.csproj", "{77A86486-A812-4790-8DB5-63D793485D0C}"
EndProject
Global
	GlobalSection(SolutionConfigurationPlatforms) = preSolution
		Debug|Any CPU = Debug|Any CPU
		Release|Any CPU = Release|Any CPU
	EndGlobalSection
	GlobalSection(ProjectConfigurationPlatforms) = postSolution
		{77A86486-A812-4790-8DB5-63D793485D0C}.Debug|Any CPU.ActiveCfg = Debug|Any CPU
		{77A86486-A812-4790-8DB5-63D793485D0C}.Debug|Any CPU.Build.0 = Debug|Any CPU
		{77A86486-A812-4790-8DB5-63D793485D0C}.Release|Any CPU.ActiveCfg = Release|Any CPU
		{77A86486-A812-4790-8DB5-63D793485D0C}.Release|Any CPU.Build.0 = Release|Any CPU
	EndGlobalSection
	GlobalSection(SolutionProperties) = preSolution
		HideSolutionNode = FALSE
	EndGlobalSection
	GlobalSection(ExtensibilityGlobals) = postSolution
		SolutionGuid = {CD0D150C-6DB0-44CB-B97E-25DCF9116BDD}
	EndGlobalSection
EndGlobal
