
Microsoft Visual Studio Solution File, Format Version 12.00
# Visual Studio Version 17
VisualStudioVersion = 17.4.33403.182
MinimumVisualStudioVersion = 10.0.40219.1
Project("{FAE04EC0-301F-11D3-BF4B-00C04F79EFBC}") = "akhir-syifa maulana-xpplg2", "akhir-syifa maulana-xpplg2\akhir-syifa maulana-xpplg2.csproj", "{D4062D7C-5C67-47AA-ABEB-3254ADB7CCED}"
EndProject
Global
	GlobalSection(SolutionConfigurationPlatforms) = preSolution
		Debug|Any CPU = Debug|Any CPU
		Release|Any CPU = Release|Any CPU
	EndGlobalSection
	GlobalSection(ProjectConfigurationPlatforms) = postSolution
		{D4062D7C-5C67-47AA-ABEB-3254ADB7CCED}.Debug|Any CPU.ActiveCfg = Debug|Any CPU
		{D4062D7C-5C67-47AA-ABEB-3254ADB7CCED}.Debug|Any CPU.Build.0 = Debug|Any CPU
		{D4062D7C-5C67-47AA-ABEB-3254ADB7CCED}.Release|Any CPU.ActiveCfg = Release|Any CPU
		{D4062D7C-5C67-47AA-ABEB-3254ADB7CCED}.Release|Any CPU.Build.0 = Release|Any CPU
	EndGlobalSection
	GlobalSection(SolutionProperties) = preSolution
		HideSolutionNode = FALSE
	EndGlobalSection
	GlobalSection(ExtensibilityGlobals) = postSolution
		SolutionGuid = {695F6C1C-C7B6-499D-944F-22C9027C50DE}
	EndGlobalSection
EndGlobal
