
Microsoft Visual Studio Solution File, Format Version 12.00
# Visual Studio Version 17
VisualStudioVersion = 17.14.36414.22 d17.14
MinimumVisualStudioVersion = 10.0.40219.1
Project("{FAE04EC0-301F-11D3-BF4B-00C04F79EFBC}") = "praktik7.3-fungsi-m syifa maulana-xpplg2", "praktik7.3-fungsi-m syifa maulana-xpplg2\praktik7.3-fungsi-m syifa maulana-xpplg2.csproj", "{BEAD4202-FE5B-4055-BD2E-929CC39F5297}"
EndProject
Global
	GlobalSection(SolutionConfigurationPlatforms) = preSolution
		Debug|Any CPU = Debug|Any CPU
		Release|Any CPU = Release|Any CPU
	EndGlobalSection
	GlobalSection(ProjectConfigurationPlatforms) = postSolution
		{BEAD4202-FE5B-4055-BD2E-929CC39F5297}.Debug|Any CPU.ActiveCfg = Debug|Any CPU
		{BEAD4202-FE5B-4055-BD2E-929CC39F5297}.Debug|Any CPU.Build.0 = Debug|Any CPU
		{BEAD4202-FE5B-4055-BD2E-929CC39F5297}.Release|Any CPU.ActiveCfg = Release|Any CPU
		{BEAD4202-FE5B-4055-BD2E-929CC39F5297}.Release|Any CPU.Build.0 = Release|Any CPU
	EndGlobalSection
	GlobalSection(SolutionProperties) = preSolution
		HideSolutionNode = FALSE
	EndGlobalSection
	GlobalSection(ExtensibilityGlobals) = postSolution
		SolutionGuid = {BBE6ECA2-C26B-407F-A005-8894FF9FBB9D}
	EndGlobalSection
EndGlobal
